
Microsoft Visual Studio Solution File, Format Version 12.00
# Visual Studio Version 17
VisualStudioVersion = 17.10.35122.118
MinimumVisualStudioVersion = 10.0.40219.1
Project("{FAE04EC0-301F-11D3-BF4B-00C04F79EFBC}") = "L10WpfApp", "L10WpfApp\L10WpfApp.csproj", "{D29FCADE-2460-4E2C-99C9-A5FFCF098F69}"
EndProject
Global
	GlobalSection(SolutionConfigurationPlatforms) = preSolution
		Debug|Any CPU = Debug|Any CPU
		Release|Any CPU = Release|Any CPU
	EndGlobalSection
	GlobalSection(ProjectConfigurationPlatforms) = postSolution
		{D29FCADE-2460-4E2C-99C9-A5FFCF098F69}.Debug|Any CPU.ActiveCfg = Debug|Any CPU
		{D29FCADE-2460-4E2C-99C9-A5FFCF098F69}.Debug|Any CPU.Build.0 = Debug|Any CPU
		{D29FCADE-2460-4E2C-99C9-A5FFCF098F69}.Release|Any CPU.ActiveCfg = Release|Any CPU
		{D29FCADE-2460-4E2C-99C9-A5FFCF098F69}.Release|Any CPU.Build.0 = Release|Any CPU
	EndGlobalSection
	GlobalSection(SolutionProperties) = preSolution
		HideSolutionNode = FALSE
	EndGlobalSection
	GlobalSection(ExtensibilityGlobals) = postSolution
		SolutionGuid = {2DCA786D-A229-41BF-9489-860CCD5A71D6}
	EndGlobalSection
EndGlobal
